
Microsoft Visual Studio Solution File, Format Version 12.00
# Visual Studio 15
VisualStudioVersion = 15.0.26730.15
MinimumVisualStudioVersion = 10.0.40219.1
Project("{FAE04EC0-301F-11D3-BF4B-00C04F79EFBC}") = "TextFile1_1_3", "TextFile1_1_3\TextFile1_1_3.csproj", "{9CBC0A83-4E86-494B-B872-9561D49F1DE3}"
EndProject
Project("{FAE04EC0-301F-11D3-BF4B-00C04F79EFBC}") = "BL", "BL\BL.csproj", "{69758355-2680-4259-BBCC-910EB67942BA}"
EndProject
Project("{FAE04EC0-301F-11D3-BF4B-00C04F79EFBC}") = "TextFile1_2_3", "TextFile1_2_3\TextFile1_2_3.csproj", "{0FFE9F4D-E8B8-4D76-AF9E-A42DC0974DA7}"
EndProject
Project("{FAE04EC0-301F-11D3-BF4B-00C04F79EFBC}") = "TextFile1_3_3", "TextFile1_3_3\TextFile1_3_3.csproj", "{189E5B77-14AD-4FBD-8CEC-24AAA4138047}"
EndProject
Project("{FAE04EC0-301F-11D3-BF4B-00C04F79EFBC}") = "Rec2_3", "Rec1_1_4\Rec2_3.csproj", "{E70F9216-3F9B-4B0D-864E-D5043D23C2BC}"
EndProject
Project("{FAE04EC0-301F-11D3-BF4B-00C04F79EFBC}") = "Spisok3", "Spisok3\Spisok3.csproj", "{1DD8D710-EC34-4FBE-A718-15F17AFDF576}"
EndProject
Project("{FAE04EC0-301F-11D3-BF4B-00C04F79EFBC}") = "Sort2Keys", "Sort2Keys\Sort2Keys.csproj", "{37800691-5019-4926-B29A-967BEEDB4623}"
EndProject
Project("{FAE04EC0-301F-11D3-BF4B-00C04F79EFBC}") = "Trees3", "Trees3\Trees3.csproj", "{542AF370-1569-4EFA-AA1B-0958F8B6081F}"
EndProject
Global
	GlobalSection(SolutionConfigurationPlatforms) = preSolution
		Debug|Any CPU = Debug|Any CPU
		Debug|ARM = Debug|ARM
		Debug|x64 = Debug|x64
		Debug|x86 = Debug|x86
		Release|Any CPU = Release|Any CPU
		Release|ARM = Release|ARM
		Release|x64 = Release|x64
		Release|x86 = Release|x86
	EndGlobalSection
	GlobalSection(ProjectConfigurationPlatforms) = postSolution
		{9CBC0A83-4E86-494B-B872-9561D49F1DE3}.Debug|Any CPU.ActiveCfg = Debug|Any CPU
		{9CBC0A83-4E86-494B-B872-9561D49F1DE3}.Debug|Any CPU.Build.0 = Debug|Any CPU
		{9CBC0A83-4E86-494B-B872-9561D49F1DE3}.Debug|ARM.ActiveCfg = Debug|Any CPU
		{9CBC0A83-4E86-494B-B872-9561D49F1DE3}.Debug|ARM.Build.0 = Debug|Any CPU
		{9CBC0A83-4E86-494B-B872-9561D49F1DE3}.Debug|x64.ActiveCfg = Debug|Any CPU
		{9CBC0A83-4E86-494B-B872-9561D49F1DE3}.Debug|x64.Build.0 = Debug|Any CPU
		{9CBC0A83-4E86-494B-B872-9561D49F1DE3}.Debug|x86.ActiveCfg = Debug|Any CPU
		{9CBC0A83-4E86-494B-B872-9561D49F1DE3}.Debug|x86.Build.0 = Debug|Any CPU
		{9CBC0A83-4E86-494B-B872-9561D49F1DE3}.Release|Any CPU.ActiveCfg = Release|Any CPU
		{9CBC0A83-4E86-494B-B872-9561D49F1DE3}.Release|Any CPU.Build.0 = Release|Any CPU
		{9CBC0A83-4E86-494B-B872-9561D49F1DE3}.Release|ARM.ActiveCfg = Release|Any CPU
		{9CBC0A83-4E86-494B-B872-9561D49F1DE3}.Release|ARM.Build.0 = Release|Any CPU
		{9CBC0A83-4E86-494B-B872-9561D49F1DE3}.Release|x64.ActiveCfg = Release|Any CPU
		{9CBC0A83-4E86-494B-B872-9561D49F1DE3}.Release|x64.Build.0 = Release|Any CPU
		{9CBC0A83-4E86-494B-B872-9561D49F1DE3}.Release|x86.ActiveCfg = Release|Any CPU
		{9CBC0A83-4E86-494B-B872-9561D49F1DE3}.Release|x86.Build.0 = Release|Any CPU
		{69758355-2680-4259-BBCC-910EB67942BA}.Debug|Any CPU.ActiveCfg = Debug|Any CPU
		{69758355-2680-4259-BBCC-910EB67942BA}.Debug|Any CPU.Build.0 = Debug|Any CPU
		{69758355-2680-4259-BBCC-910EB67942BA}.Debug|ARM.ActiveCfg = Debug|Any CPU
		{69758355-2680-4259-BBCC-910EB67942BA}.Debug|ARM.Build.0 = Debug|Any CPU
		{69758355-2680-4259-BBCC-910EB67942BA}.Debug|x64.ActiveCfg = Debug|Any CPU
		{69758355-2680-4259-BBCC-910EB67942BA}.Debug|x64.Build.0 = Debug|Any CPU
		{69758355-2680-4259-BBCC-910EB67942BA}.Debug|x86.ActiveCfg = Debug|Any CPU
		{69758355-2680-4259-BBCC-910EB67942BA}.Debug|x86.Build.0 = Debug|Any CPU
		{69758355-2680-4259-BBCC-910EB67942BA}.Release|Any CPU.ActiveCfg = Release|Any CPU
		{69758355-2680-4259-BBCC-910EB67942BA}.Release|Any CPU.Build.0 = Release|Any CPU
		{69758355-2680-4259-BBCC-910EB67942BA}.Release|ARM.ActiveCfg = Release|Any CPU
		{69758355-2680-4259-BBCC-910EB67942BA}.Release|ARM.Build.0 = Release|Any CPU
		{69758355-2680-4259-BBCC-910EB67942BA}.Release|x64.ActiveCfg = Release|Any CPU
		{69758355-2680-4259-BBCC-910EB67942BA}.Release|x64.Build.0 = Release|Any CPU
		{69758355-2680-4259-BBCC-910EB67942BA}.Release|x86.ActiveCfg = Release|Any CPU
		{69758355-2680-4259-BBCC-910EB67942BA}.Release|x86.Build.0 = Release|Any CPU
		{0FFE9F4D-E8B8-4D76-AF9E-A42DC0974DA7}.Debug|Any CPU.ActiveCfg = Debug|Any CPU
		{0FFE9F4D-E8B8-4D76-AF9E-A42DC0974DA7}.Debug|Any CPU.Build.0 = Debug|Any CPU
		{0FFE9F4D-E8B8-4D76-AF9E-A42DC0974DA7}.Debug|ARM.ActiveCfg = Debug|Any CPU
		{0FFE9F4D-E8B8-4D76-AF9E-A42DC0974DA7}.Debug|ARM.Build.0 = Debug|Any CPU
		{0FFE9F4D-E8B8-4D76-AF9E-A42DC0974DA7}.Debug|x64.ActiveCfg = Debug|Any CPU
		{0FFE9F4D-E8B8-4D76-AF9E-A42DC0974DA7}.Debug|x64.Build.0 = Debug|Any CPU
		{0FFE9F4D-E8B8-4D76-AF9E-A42DC0974DA7}.Debug|x86.ActiveCfg = Debug|Any CPU
		{0FFE9F4D-E8B8-4D76-AF9E-A42DC0974DA7}.Debug|x86.Build.0 = Debug|Any CPU
		{0FFE9F4D-E8B8-4D76-AF9E-A42DC0974DA7}.Release|Any CPU.ActiveCfg = Release|Any CPU
		{0FFE9F4D-E8B8-4D76-AF9E-A42DC0974DA7}.Release|Any CPU.Build.0 = Release|Any CPU
		{0FFE9F4D-E8B8-4D76-AF9E-A42DC0974DA7}.Release|ARM.ActiveCfg = Release|Any CPU
		{0FFE9F4D-E8B8-4D76-AF9E-A42DC0974DA7}.Release|ARM.Build.0 = Release|Any CPU
		{0FFE9F4D-E8B8-4D76-AF9E-A42DC0974DA7}.Release|x64.ActiveCfg = Release|Any CPU
		{0FFE9F4D-E8B8-4D76-AF9E-A42DC0974DA7}.Release|x64.Build.0 = Release|Any CPU
		{0FFE9F4D-E8B8-4D76-AF9E-A42DC0974DA7}.Release|x86.ActiveCfg = Release|Any CPU
		{0FFE9F4D-E8B8-4D76-AF9E-A42DC0974DA7}.Release|x86.Build.0 = Release|Any CPU
		{189E5B77-14AD-4FBD-8CEC-24AAA4138047}.Debug|Any CPU.ActiveCfg = Debug|Any CPU
		{189E5B77-14AD-4FBD-8CEC-24AAA4138047}.Debug|Any CPU.Build.0 = Debug|Any CPU
		{189E5B77-14AD-4FBD-8CEC-24AAA4138047}.Debug|ARM.ActiveCfg = Debug|Any CPU
		{189E5B77-14AD-4FBD-8CEC-24AAA4138047}.Debug|ARM.Build.0 = Debug|Any CPU
		{189E5B77-14AD-4FBD-8CEC-24AAA4138047}.Debug|x64.ActiveCfg = Debug|Any CPU
		{189E5B77-14AD-4FBD-8CEC-24AAA4138047}.Debug|x64.Build.0 = Debug|Any CPU
		{189E5B77-14AD-4FBD-8CEC-24AAA4138047}.Debug|x86.ActiveCfg = Debug|Any CPU
		{189E5B77-14AD-4FBD-8CEC-24AAA4138047}.Debug|x86.Build.0 = Debug|Any CPU
		{189E5B77-14AD-4FBD-8CEC-24AAA4138047}.Release|Any CPU.ActiveCfg = Release|Any CPU
		{189E5B77-14AD-4FBD-8CEC-24AAA4138047}.Release|Any CPU.Build.0 = Release|Any CPU
		{189E5B77-14AD-4FBD-8CEC-24AAA4138047}.Release|ARM.ActiveCfg = Release|Any CPU
		{189E5B77-14AD-4FBD-8CEC-24AAA4138047}.Release|ARM.Build.0 = Release|Any CPU
		{189E5B77-14AD-4FBD-8CEC-24AAA4138047}.Release|x64.ActiveCfg = Release|Any CPU
		{189E5B77-14AD-4FBD-8CEC-24AAA4138047}.Release|x64.Build.0 = Release|Any CPU
		{189E5B77-14AD-4FBD-8CEC-24AAA4138047}.Release|x86.ActiveCfg = Release|Any CPU
		{189E5B77-14AD-4FBD-8CEC-24AAA4138047}.Release|x86.Build.0 = Release|Any CPU
		{E70F9216-3F9B-4B0D-864E-D5043D23C2BC}.Debug|Any CPU.ActiveCfg = Debug|Any CPU
		{E70F9216-3F9B-4B0D-864E-D5043D23C2BC}.Debug|Any CPU.Build.0 = Debug|Any CPU
		{E70F9216-3F9B-4B0D-864E-D5043D23C2BC}.Debug|ARM.ActiveCfg = Debug|Any CPU
		{E70F9216-3F9B-4B0D-864E-D5043D23C2BC}.Debug|ARM.Build.0 = Debug|Any CPU
		{E70F9216-3F9B-4B0D-864E-D5043D23C2BC}.Debug|x64.ActiveCfg = Debug|Any CPU
		{E70F9216-3F9B-4B0D-864E-D5043D23C2BC}.Debug|x64.Build.0 = Debug|Any CPU
		{E70F9216-3F9B-4B0D-864E-D5043D23C2BC}.Debug|x86.ActiveCfg = Debug|Any CPU
		{E70F9216-3F9B-4B0D-864E-D5043D23C2BC}.Debug|x86.Build.0 = Debug|Any CPU
		{E70F9216-3F9B-4B0D-864E-D5043D23C2BC}.Release|Any CPU.ActiveCfg = Release|Any CPU
		{E70F9216-3F9B-4B0D-864E-D5043D23C2BC}.Release|Any CPU.Build.0 = Release|Any CPU
		{E70F9216-3F9B-4B0D-864E-D5043D23C2BC}.Release|ARM.ActiveCfg = Release|Any CPU
		{E70F9216-3F9B-4B0D-864E-D5043D23C2BC}.Release|ARM.Build.0 = Release|Any CPU
		{E70F9216-3F9B-4B0D-864E-D5043D23C2BC}.Release|x64.ActiveCfg = Release|Any CPU
		{E70F9216-3F9B-4B0D-864E-D5043D23C2BC}.Release|x64.Build.0 = Release|Any CPU
		{E70F9216-3F9B-4B0D-864E-D5043D23C2BC}.Release|x86.ActiveCfg = Release|Any CPU
		{E70F9216-3F9B-4B0D-864E-D5043D23C2BC}.Release|x86.Build.0 = Release|Any CPU
		{1DD8D710-EC34-4FBE-A718-15F17AFDF576}.Debug|Any CPU.ActiveCfg = Debug|Any CPU
		{1DD8D710-EC34-4FBE-A718-15F17AFDF576}.Debug|Any CPU.Build.0 = Debug|Any CPU
		{1DD8D710-EC34-4FBE-A718-15F17AFDF576}.Debug|ARM.ActiveCfg = Debug|Any CPU
		{1DD8D710-EC34-4FBE-A718-15F17AFDF576}.Debug|ARM.Build.0 = Debug|Any CPU
		{1DD8D710-EC34-4FBE-A718-15F17AFDF576}.Debug|x64.ActiveCfg = Debug|Any CPU
		{1DD8D710-EC34-4FBE-A718-15F17AFDF576}.Debug|x64.Build.0 = Debug|Any CPU
		{1DD8D710-EC34-4FBE-A718-15F17AFDF576}.Debug|x86.ActiveCfg = Debug|Any CPU
		{1DD8D710-EC34-4FBE-A718-15F17AFDF576}.Debug|x86.Build.0 = Debug|Any CPU
		{1DD8D710-EC34-4FBE-A718-15F17AFDF576}.Release|Any CPU.ActiveCfg = Release|Any CPU
		{1DD8D710-EC34-4FBE-A718-15F17AFDF576}.Release|Any CPU.Build.0 = Release|Any CPU
		{1DD8D710-EC34-4FBE-A718-15F17AFDF576}.Release|ARM.ActiveCfg = Release|Any CPU
		{1DD8D710-EC34-4FBE-A718-15F17AFDF576}.Release|ARM.Build.0 = Release|Any CPU
		{1DD8D710-EC34-4FBE-A718-15F17AFDF576}.Release|x64.ActiveCfg = Release|Any CPU
		{1DD8D710-EC34-4FBE-A718-15F17AFDF576}.Release|x64.Build.0 = Release|Any CPU
		{1DD8D710-EC34-4FBE-A718-15F17AFDF576}.Release|x86.ActiveCfg = Release|Any CPU
		{1DD8D710-EC34-4FBE-A718-15F17AFDF576}.Release|x86.Build.0 = Release|Any CPU
		{37800691-5019-4926-B29A-967BEEDB4623}.Debug|Any CPU.ActiveCfg = Debug|Any CPU
		{37800691-5019-4926-B29A-967BEEDB4623}.Debug|Any CPU.Build.0 = Debug|Any CPU
		{37800691-5019-4926-B29A-967BEEDB4623}.Debug|ARM.ActiveCfg = Debug|Any CPU
		{37800691-5019-4926-B29A-967BEEDB4623}.Debug|ARM.Build.0 = Debug|Any CPU
		{37800691-5019-4926-B29A-967BEEDB4623}.Debug|x64.ActiveCfg = Debug|Any CPU
		{37800691-5019-4926-B29A-967BEEDB4623}.Debug|x64.Build.0 = Debug|Any CPU
		{37800691-5019-4926-B29A-967BEEDB4623}.Debug|x86.ActiveCfg = Debug|Any CPU
		{37800691-5019-4926-B29A-967BEEDB4623}.Debug|x86.Build.0 = Debug|Any CPU
		{37800691-5019-4926-B29A-967BEEDB4623}.Release|Any CPU.ActiveCfg = Release|Any CPU
		{37800691-5019-4926-B29A-967BEEDB4623}.Release|Any CPU.Build.0 = Release|Any CPU
		{37800691-5019-4926-B29A-967BEEDB4623}.Release|ARM.ActiveCfg = Release|Any CPU
		{37800691-5019-4926-B29A-967BEEDB4623}.Release|ARM.Build.0 = Release|Any CPU
		{37800691-5019-4926-B29A-967BEEDB4623}.Release|x64.ActiveCfg = Release|Any CPU
		{37800691-5019-4926-B29A-967BEEDB4623}.Release|x64.Build.0 = Release|Any CPU
		{37800691-5019-4926-B29A-967BEEDB4623}.Release|x86.ActiveCfg = Release|Any CPU
		{37800691-5019-4926-B29A-967BEEDB4623}.Release|x86.Build.0 = Release|Any CPU
		{542AF370-1569-4EFA-AA1B-0958F8B6081F}.Debug|Any CPU.ActiveCfg = Debug|Any CPU
		{542AF370-1569-4EFA-AA1B-0958F8B6081F}.Debug|Any CPU.Build.0 = Debug|Any CPU
		{542AF370-1569-4EFA-AA1B-0958F8B6081F}.Debug|ARM.ActiveCfg = Debug|Any CPU
		{542AF370-1569-4EFA-AA1B-0958F8B6081F}.Debug|ARM.Build.0 = Debug|Any CPU
		{542AF370-1569-4EFA-AA1B-0958F8B6081F}.Debug|x64.ActiveCfg = Debug|Any CPU
		{542AF370-1569-4EFA-AA1B-0958F8B6081F}.Debug|x64.Build.0 = Debug|Any CPU
		{542AF370-1569-4EFA-AA1B-0958F8B6081F}.Debug|x86.ActiveCfg = Debug|Any CPU
		{542AF370-1569-4EFA-AA1B-0958F8B6081F}.Debug|x86.Build.0 = Debug|Any CPU
		{542AF370-1569-4EFA-AA1B-0958F8B6081F}.Release|Any CPU.ActiveCfg = Release|Any CPU
		{542AF370-1569-4EFA-AA1B-0958F8B6081F}.Release|Any CPU.Build.0 = Release|Any CPU
		{542AF370-1569-4EFA-AA1B-0958F8B6081F}.Release|ARM.ActiveCfg = Release|Any CPU
		{542AF370-1569-4EFA-AA1B-0958F8B6081F}.Release|ARM.Build.0 = Release|Any CPU
		{542AF370-1569-4EFA-AA1B-0958F8B6081F}.Release|x64.ActiveCfg = Release|Any CPU
		{542AF370-1569-4EFA-AA1B-0958F8B6081F}.Release|x64.Build.0 = Release|Any CPU
		{542AF370-1569-4EFA-AA1B-0958F8B6081F}.Release|x86.ActiveCfg = Release|Any CPU
		{542AF370-1569-4EFA-AA1B-0958F8B6081F}.Release|x86.Build.0 = Release|Any CPU
	EndGlobalSection
	GlobalSection(SolutionProperties) = preSolution
		HideSolutionNode = FALSE
	EndGlobalSection
	GlobalSection(ExtensibilityGlobals) = postSolution
		SolutionGuid = {A1C75FEC-B933-49FA-861C-8ED2B9816077}
	EndGlobalSection
EndGlobal
